
Microsoft Visual Studio Solution File, Format Version 12.00
# Visual Studio Version 17
VisualStudioVersion = 17.11.35312.102
MinimumVisualStudioVersion = 10.0.40219.1
Project("{FAE04EC0-301F-11D3-BF4B-00C04F79EFBC}") = "mobilemvc", "mobilemvc\mobilemvc.csproj", "{948148D3-081A-44F8-8D84-C85D26B05FDF}"
EndProject
Global
	GlobalSection(SolutionConfigurationPlatforms) = preSolution
		Debug|Any CPU = Debug|Any CPU
		Release|Any CPU = Release|Any CPU
	EndGlobalSection
	GlobalSection(ProjectConfigurationPlatforms) = postSolution
		{948148D3-081A-44F8-8D84-C85D26B05FDF}.Debug|Any CPU.ActiveCfg = Debug|Any CPU
		{948148D3-081A-44F8-8D84-C85D26B05FDF}.Debug|Any CPU.Build.0 = Debug|Any CPU
		{948148D3-081A-44F8-8D84-C85D26B05FDF}.Release|Any CPU.ActiveCfg = Release|Any CPU
		{948148D3-081A-44F8-8D84-C85D26B05FDF}.Release|Any CPU.Build.0 = Release|Any CPU
	EndGlobalSection
	GlobalSection(SolutionProperties) = preSolution
		HideSolutionNode = FALSE
	EndGlobalSection
	GlobalSection(ExtensibilityGlobals) = postSolution
		SolutionGuid = {AB7077DF-0BF4-436A-BEC0-860D27E8FD64}
	EndGlobalSection
EndGlobal
